<Solution>
  <Folder Name="/Structor/">
    <Project Path="Structor/GolangParserCs/GolangParserCs.csproj" />
    <Project Path="Structor/RustParserCs/RustParserCs.csproj" />
    <Project Path="Structor/Structor/Structor.fsproj" />
  </Folder>
  <Project Path="Test/Test.fsproj" />
  <Project Path="Wybe/Wybe.fsproj" />
</Solution>