
Microsoft Visual Studio Solution File, Format Version 12.00
# Visual Studio Version 17
VisualStudioVersion = 17.0.31903.59
MinimumVisualStudioVersion = 10.0.40219.1
Project("{2150E333-8FDC-42A3-9474-1A3956D46DE8}") = "AVM", "AVM", "{6BBF5AFC-D469-4559-BD27-E30423D17062}"
EndProject
Project("{F2A71F9B-5D33-465A-A702-920D77279786}") = "AVM", "AVM\AVM\AVM.fsproj", "{D7456D8D-1300-498C-973D-78FDDCEFFF08}"
EndProject
Project("{F2A71F9B-5D33-465A-A702-920D77279786}") = "AVM.Test", "AVM\AVM.Test\AVM.Test.fsproj", "{7072D64B-2DF2-4A19-BA0E-4AB25321F754}"
EndProject
Project("{2150E333-8FDC-42A3-9474-1A3956D46DE8}") = "GCL", "GCL", "{B24BB547-8C65-469F-BC6F-0E6FFB37F438}"
EndProject
Project("{F2A71F9B-5D33-465A-A702-920D77279786}") = "GCL", "GCL\GCL\GCL.fsproj", "{2F8320DB-A8EA-4608-A9AC-B65A301375D5}"
EndProject
Project("{F2A71F9B-5D33-465A-A702-920D77279786}") = "GCL.Test", "GCL\GCL.Test\GCL.Test.fsproj", "{AE8A1E18-19C2-4966-A5F4-8EDE08541269}"
EndProject
Project("{2150E333-8FDC-42A3-9474-1A3956D46DE8}") = "PL", "PL", "{52AF7E82-F8A6-4FF0-BAAC-2631686D914D}"
EndProject
Project("{F2A71F9B-5D33-465A-A702-920D77279786}") = "Checker", "PL\Checker\Checker.fsproj", "{E91BD330-C521-4DB6-9085-0C1E9C8E2C51}"
EndProject
Project("{F2A71F9B-5D33-465A-A702-920D77279786}") = "Checker.Test", "PL\Checker.Test\Checker.Test.fsproj", "{AC425625-BCE2-41A6-AFF9-CAED585B3D42}"
EndProject
Project("{2150E333-8FDC-42A3-9474-1A3956D46DE8}") = "CSP", "CSP", "{10C30D6F-CD17-4E39-892D-0A7EC1876F07}"
EndProject
Project("{F2A71F9B-5D33-465A-A702-920D77279786}") = "CspLib", "CspLib\CspLib.fsproj", "{809E220C-8ACD-4395-96F6-53B054983D0A}"
EndProject
Global
	GlobalSection(SolutionConfigurationPlatforms) = preSolution
		Debug|Any CPU = Debug|Any CPU
		Release|Any CPU = Release|Any CPU
	EndGlobalSection
	GlobalSection(SolutionProperties) = preSolution
		HideSolutionNode = FALSE
	EndGlobalSection
	GlobalSection(ProjectConfigurationPlatforms) = postSolution
		{D7456D8D-1300-498C-973D-78FDDCEFFF08}.Debug|Any CPU.ActiveCfg = Debug|Any CPU
		{D7456D8D-1300-498C-973D-78FDDCEFFF08}.Debug|Any CPU.Build.0 = Debug|Any CPU
		{D7456D8D-1300-498C-973D-78FDDCEFFF08}.Release|Any CPU.ActiveCfg = Release|Any CPU
		{D7456D8D-1300-498C-973D-78FDDCEFFF08}.Release|Any CPU.Build.0 = Release|Any CPU
		{7072D64B-2DF2-4A19-BA0E-4AB25321F754}.Debug|Any CPU.ActiveCfg = Debug|Any CPU
		{7072D64B-2DF2-4A19-BA0E-4AB25321F754}.Debug|Any CPU.Build.0 = Debug|Any CPU
		{7072D64B-2DF2-4A19-BA0E-4AB25321F754}.Release|Any CPU.ActiveCfg = Release|Any CPU
		{7072D64B-2DF2-4A19-BA0E-4AB25321F754}.Release|Any CPU.Build.0 = Release|Any CPU
		{2F8320DB-A8EA-4608-A9AC-B65A301375D5}.Debug|Any CPU.ActiveCfg = Debug|Any CPU
		{2F8320DB-A8EA-4608-A9AC-B65A301375D5}.Debug|Any CPU.Build.0 = Debug|Any CPU
		{2F8320DB-A8EA-4608-A9AC-B65A301375D5}.Release|Any CPU.ActiveCfg = Release|Any CPU
		{2F8320DB-A8EA-4608-A9AC-B65A301375D5}.Release|Any CPU.Build.0 = Release|Any CPU
		{AE8A1E18-19C2-4966-A5F4-8EDE08541269}.Debug|Any CPU.ActiveCfg = Debug|Any CPU
		{AE8A1E18-19C2-4966-A5F4-8EDE08541269}.Debug|Any CPU.Build.0 = Debug|Any CPU
		{AE8A1E18-19C2-4966-A5F4-8EDE08541269}.Release|Any CPU.ActiveCfg = Release|Any CPU
		{AE8A1E18-19C2-4966-A5F4-8EDE08541269}.Release|Any CPU.Build.0 = Release|Any CPU
		{E91BD330-C521-4DB6-9085-0C1E9C8E2C51}.Debug|Any CPU.ActiveCfg = Debug|Any CPU
		{E91BD330-C521-4DB6-9085-0C1E9C8E2C51}.Debug|Any CPU.Build.0 = Debug|Any CPU
		{E91BD330-C521-4DB6-9085-0C1E9C8E2C51}.Release|Any CPU.ActiveCfg = Release|Any CPU
		{E91BD330-C521-4DB6-9085-0C1E9C8E2C51}.Release|Any CPU.Build.0 = Release|Any CPU
		{AC425625-BCE2-41A6-AFF9-CAED585B3D42}.Debug|Any CPU.ActiveCfg = Debug|Any CPU
		{AC425625-BCE2-41A6-AFF9-CAED585B3D42}.Debug|Any CPU.Build.0 = Debug|Any CPU
		{AC425625-BCE2-41A6-AFF9-CAED585B3D42}.Release|Any CPU.ActiveCfg = Release|Any CPU
		{AC425625-BCE2-41A6-AFF9-CAED585B3D42}.Release|Any CPU.Build.0 = Release|Any CPU
		{809E220C-8ACD-4395-96F6-53B054983D0A}.Debug|Any CPU.ActiveCfg = Debug|Any CPU
		{809E220C-8ACD-4395-96F6-53B054983D0A}.Debug|Any CPU.Build.0 = Debug|Any CPU
		{809E220C-8ACD-4395-96F6-53B054983D0A}.Release|Any CPU.ActiveCfg = Release|Any CPU
		{809E220C-8ACD-4395-96F6-53B054983D0A}.Release|Any CPU.Build.0 = Release|Any CPU
	EndGlobalSection
	GlobalSection(NestedProjects) = preSolution
		{D7456D8D-1300-498C-973D-78FDDCEFFF08} = {6BBF5AFC-D469-4559-BD27-E30423D17062}
		{7072D64B-2DF2-4A19-BA0E-4AB25321F754} = {6BBF5AFC-D469-4559-BD27-E30423D17062}
		{2F8320DB-A8EA-4608-A9AC-B65A301375D5} = {B24BB547-8C65-469F-BC6F-0E6FFB37F438}
		{AE8A1E18-19C2-4966-A5F4-8EDE08541269} = {B24BB547-8C65-469F-BC6F-0E6FFB37F438}
		{E91BD330-C521-4DB6-9085-0C1E9C8E2C51} = {52AF7E82-F8A6-4FF0-BAAC-2631686D914D}
		{AC425625-BCE2-41A6-AFF9-CAED585B3D42} = {52AF7E82-F8A6-4FF0-BAAC-2631686D914D}
		{809E220C-8ACD-4395-96F6-53B054983D0A} = {10C30D6F-CD17-4E39-892D-0A7EC1876F07}
	EndGlobalSection
EndGlobal
