
Microsoft Visual Studio Solution File, Format Version 12.00
# Visual Studio Version 17
VisualStudioVersion = 17.0.31903.59
MinimumVisualStudioVersion = 10.0.40219.1
Project("{F2A71F9B-5D33-465A-A702-920D77279786}") = "Lib", "Lib\Lib.fsproj", "{DC538BE8-84A4-462C-98EC-560441EE6799}"
EndProject
Project("{F2A71F9B-5D33-465A-A702-920D77279786}") = "Test", "Test\Test.fsproj", "{126164D3-285B-4BC2-A829-DAF8C9689642}"
EndProject
Global
	GlobalSection(SolutionConfigurationPlatforms) = preSolution
		Debug|Any CPU = Debug|Any CPU
		Release|Any CPU = Release|Any CPU
	EndGlobalSection
	GlobalSection(SolutionProperties) = preSolution
		HideSolutionNode = FALSE
	EndGlobalSection
	GlobalSection(ProjectConfigurationPlatforms) = postSolution
		{DC538BE8-84A4-462C-98EC-560441EE6799}.Debug|Any CPU.ActiveCfg = Debug|Any CPU
		{DC538BE8-84A4-462C-98EC-560441EE6799}.Debug|Any CPU.Build.0 = Debug|Any CPU
		{DC538BE8-84A4-462C-98EC-560441EE6799}.Release|Any CPU.ActiveCfg = Release|Any CPU
		{DC538BE8-84A4-462C-98EC-560441EE6799}.Release|Any CPU.Build.0 = Release|Any CPU
		{126164D3-285B-4BC2-A829-DAF8C9689642}.Debug|Any CPU.ActiveCfg = Debug|Any CPU
		{126164D3-285B-4BC2-A829-DAF8C9689642}.Debug|Any CPU.Build.0 = Debug|Any CPU
		{126164D3-285B-4BC2-A829-DAF8C9689642}.Release|Any CPU.ActiveCfg = Release|Any CPU
		{126164D3-285B-4BC2-A829-DAF8C9689642}.Release|Any CPU.Build.0 = Release|Any CPU
	EndGlobalSection
EndGlobal
